// !$*UTF8*$!
{
	archiveVersion = 1;
	classes = {
	};
	objectVersion = 46;
	objects = {

/* Begin PBXBuildFile section */
		63EC029F1D37BF060006FD68 /* AppDelegate.swift in Sources */ = {isa = PBXBuildFile; fileRef = 63EC029E1D37BF060006FD68 /* AppDelegate.swift */; };
		63EC02A11D37BF060006FD68 /* ViewController.swift in Sources */ = {isa = PBXBuildFile; fileRef = 63EC02A01D37BF060006FD68 /* ViewController.swift */; };
		63EC02A41D37BF060006FD68 /* Main.storyboard in Resources */ = {isa = PBXBuildFile; fileRef = 63EC02A21D37BF060006FD68 /* Main.storyboard */; };
		63EC02A61D37BF060006FD68 /* Assets.xcassets in Resources */ = {isa = PBXBuildFile; fileRef = 63EC02A51D37BF060006FD68 /* Assets.xcassets */; };
		63EC02A91D37BF060006FD68 /* LaunchScreen.storyboard in Resources */ = {isa = PBXBuildFile; fileRef = 63EC02A71D37BF060006FD68 /* LaunchScreen.storyboard */; };
/* End PBXBuildFile section */

/* Begin PBXFileReference section */
		63EC029B1D37BF060006FD68 /* LoveFinder.app */ = {isa = PBXFileReference; explicitFileType = wrapper.application; includeInIndex = 0; path = LoveFinder.app; sourceTree = BUILT_PRODUCTS_DIR; };
		63EC029E1D37BF060006FD68 /* AppDelegate.swift */ = {isa = PBXFileReference; lastKnownFileType = sourcecode.swift; path = AppDelegate.swift; sourceTree = "<group>"; };
		63EC02A01D37BF060006FD68 /* ViewController.swift */ = {isa = PBXFileReference; lastKnownFileType = sourcecode.swift; path = ViewController.swift; sourceTree = "<group>"; };
		63EC02A31D37BF060006FD68 /* Base */ = {isa = PBXFileReference; lastKnownFileType = file.storyboard; name = Base; path = Base.lproj/Main.storyboard; sourceTree = "<group>"; };
		63EC02A51D37BF060006FD68 /* Assets.xcassets */ = {isa = PBXFileReference; lastKnownFileType = folder.assetcatalog; path = Assets.xcassets; sourceTree = "<group>"; };
		63EC02A81D37BF060006FD68 /* Base */ = {isa = PBXFileReference; lastKnownFileType = file.storyboard; name = Base; path = Base.lproj/LaunchScreen.storyboard; sourceTree = "<group>"; };
		63EC02AA1D37BF060006FD68 /* Info.plist */ = {isa = PBXFileReference; lastKnownFileType = text.plist.xml; path = Info.plist; sourceTree = "<group>"; };
/* End PBXFileReference section */

/* Begin PBXFrameworksBuildPhase section */
		63EC02981D37BF060006FD68 /* Frameworks */ = {
			isa = PBXFrameworksBuildPhase;
			buildActionMask = 2147483647;
			files = (
			);
			runOnlyForDeploymentPostprocessing = 0;
		};
/* End PBXFrameworksBuildPhase section */

/* Begin PBXGroup section */
		63EC02921D37BF060006FD68 = {
			isa = PBXGroup;
			children = (
				63EC029D1D37BF060006FD68 /* LoveFinder */,
				63EC029C1D37BF060006FD68 /* Products */,
			);
			sourceTree = "<group>";
		};
		63EC029C1D37BF060006FD68 /* Products */ = {
			isa = PBXGroup;
			children = (
				63EC029B1D37BF060006FD68 /* LoveFinder.app */,
			);
			name = Products;
			sourceTree = "<group>";
		};
		63EC029D1D37BF060006FD68 /* LoveFinder */ = {
			isa = PBXGroup;
			children = (
				63EC029E1D37BF060006FD68 /* AppDelegate.swift */,
				63EC02A01D37BF060006FD68 /* ViewController.swift */,
				63EC02A21D37BF060006FD68 /* Main.storyboard */,
				63EC02A51D37BF060006FD68 /* Assets.xcassets */,
				63EC02A71D37BF060006FD68 /* LaunchScreen.storyboard */,
				63EC02AA1D37BF060006FD68 /* Info.plist */,
			);
			path = LoveFinder;
			sourceTree = "<group>";
		};
/* End PBXGroup section */

/* Begin PBXNativeTarget section */
		63EC029A1D37BF060006FD68 /* LoveFinder */ = {
			isa = PBXNativeTarget;
			buildConfigurationList = 63EC02AD1D37BF060006FD68 /* Build configuration list for PBXNativeTarget "LoveFinder" */;
			buildPhases = (
				63EC02971D37BF060006FD68 /* Sources */,
				63EC02981D37BF060006FD68 /* Frameworks */,
				63EC02991D37BF060006FD68 /* Resources */,
			);
			buildRules = (
			);
			dependencies = (
			);
			name = LoveFinder;
			productName = LoveFinder;
			productReference = 63EC029B1D37BF060006FD68 /* LoveFinder.app */;
			productType = "com.apple.product-type.application";
		};
/* End PBXNativeTarget section */

/* Begin PBXProject section */
		63EC02931D37BF060006FD68 /* Project object */ = {
			isa = PBXProject;
			attributes = {
				LastSwiftUpdateCheck = 0730;
				LastUpgradeCheck = 0730;
				ORGANIZATIONNAME = yzw;
				TargetAttributes = {
					63EC029A1D37BF060006FD68 = {
						CreatedOnToolsVersion = 7.3;
					};
				};
			};
			buildConfigurationList = 63EC02961D37BF060006FD68 /* Build configuration list for PBXProject "LoveFinder" */;
			compatibilityVersion = "Xcode 3.2";
			developmentRegion = English;
			hasScannedForEncodings = 0;
			knownRegions = (
				en,
				Base,
			);
			mainGroup = 63EC02921D37BF060006FD68;
			productRefGroup = 63EC029C1D37BF060006FD68 /* Products */;
			projectDirPath = "";
			projectRoot = "";
			targets = (
				63EC029A1D37BF060006FD68 /* LoveFinder */,
			);
		};
/* End PBXProject section */

/* Begin PBXResourcesBuildPhase section */
		63EC02991D37BF060006FD68 /* Resources */ = {
			isa = PBXResourcesBuildPhase;
			buildActionMask = 2147483647;
			files = (
				63EC02A91D37BF060006FD68 /* LaunchScreen.storyboard in Resources */,
				63EC02A61D37BF060006FD68 /* Assets.xcassets in Resources */,
				63EC02A41D37BF060006FD68 /* Main.storyboard in Resources */,
			);
			runOnlyForDeploymentPostprocessing = 0;
		};
/* End PBXResourcesBuildPhase section */

/* Begin PBXSourcesBuildPhase section */
		63EC02971D37BF060006FD68 /* Sources */ = {
			isa = PBXSourcesBuildPhase;
			buildActionMask = 2147483647;
			files = (
				63EC02A11D37BF060006FD68 /* ViewController.swift in Sources */,
				63EC029F1D37BF060006FD68 /* AppDelegate.swift in Sources */,
			);
			runOnlyForDeploymentPostprocessing = 0;
		};
/* End PBXSourcesBuildPhase section */

/* Begin PBXVariantGroup section */
		63EC02A21D37BF060006FD68 /* Main.storyboard */ = {
			isa = PBXVariantGroup;
			children = (
				63EC02A31D37BF060006FD68 /* Base */,
			);
			name = Main.storyboard;
			sourceTree = "<group>";
		};
		63EC02A71D37BF060006FD68 /* LaunchScreen.storyboard */ = {
			isa = PBXVariantGroup;
			children = (
				63EC02A81D37BF060006FD68 /* Base */,
			);
			name = LaunchScreen.storyboard;
			sourceTree = "<group>";
		};
/* End PBXVariantGroup section */

/* Begin XCBuildConfiguration section */
		63EC02AB1D37BF060006FD68 /* Debug */ = {
			isa = XCBuildConfiguration;
			buildSettings = {
				ALWAYS_SEARCH_USER_PATHS = NO;
				CLANG_ANALYZER_NONNULL = YES;
				CLANG_CXX_LANGUAGE_STANDARD = "gnu++0x";
				CLANG_CXX_LIBRARY = "libc++";
				CLANG_ENABLE_MODULES = YES;
				CLANG_ENABLE_OBJC_ARC = YES;
				CLANG_WARN_BOOL_CONVERSION = YES;
				CLANG_WARN_CONSTANT_CONVERSION = YES;
				CLANG_WARN_DIRECT_OBJC_ISA_USAGE = YES_ERROR;
				CLANG_WARN_EMPTY_BODY = YES;
				CLANG_WARN_ENUM_CONVERSION = YES;
				CLANG_WARN_INT_CONVERSION = YES;
				CLANG_WARN_OBJC_ROOT_CLASS = YES_ERROR;
				CLANG_WARN_UNREACHABLE_CODE = YES;
				CLANG_WARN__DUPLICATE_METHOD_MATCH = YES;
				"CODE_SIGN_IDENTITY[sdk=iphoneos*]" = "iPhone Developer";
				COPY_PHASE_STRIP = NO;
				DEBUG_INFORMATION_FORMAT = dwarf;
				ENABLE_STRICT_OBJC_MSGSEND = YES;
				ENABLE_TESTABILITY = YES;
				GCC_C_LANGUAGE_STANDARD = gnu99;
				GCC_DYNAMIC_NO_PIC = NO;
				GCC_NO_COMMON_BLOCKS = YES;
				GCC_OPTIMIZATION_LEVEL = 0;
				GCC_PREPROCESSOR_DEFINITIONS = (
					"DEBUG=1",
					"$(inherited)",
				);
				GCC_WARN_64_TO_32_BIT_CONVERSION = YES;
				GCC_WARN_ABOUT_RETURN_TYPE = YES_ERROR;
				GCC_WARN_UNDECLARED_SELECTOR = YES;
				GCC_WARN_UNINITIALIZED_AUTOS = YES_AGGRESSIVE;
				GCC_WARN_UNUSED_FUNCTION = YES;
				GCC_WARN_UNUSED_VARIABLE = YES;
				IPHONEOS_DEPLOYMENT_TARGET = 9.3;
				MTL_ENABLE_DEBUG_INFO = YES;
				ONLY_ACTIVE_ARCH = YES;
				SDKROOT = iphoneos;
				SWIFT_OPTIMIZATION_LEVEL = "-Onone";
			};
			name = Debug;
		};
		63EC02AC1D37BF060006FD68 /* Release */ = {
			isa = XCBuildConfiguration;
			buildSettings = {
				ALWAYS_SEARCH_USER_PATHS = NO;
				CLANG_ANALYZER_NONNULL = YES;
				CLANG_CXX_LANGUAGE_STANDARD = "gnu++0x";
				CLANG_CXX_LIBRARY = "libc++";
				CLANG_ENABLE_MODULES = YES;
				CLANG_ENABLE_OBJC_ARC = YES;
				CLANG_WARN_BOOL_CONVERSION = YES;
				CLANG_WARN_CONSTANT_CONVERSION = YES;
				CLANG_WARN_DIRECT_OBJC_ISA_USAGE = YES_ERROR;
				CLANG_WARN_EMPTY_BODY = YES;
				CLANG_WARN_ENUM_CONVERSION = YES;
				CLANG_WARN_INT_CONVERSION = YES;
				CLANG_WARN_OBJC_ROOT_CLASS = YES_ERROR;
				CLANG_WARN_UNREACHABLE_CODE = YES;
				CLANG_WARN__DUPLICATE_METHOD_MATCH = YES;
				"CODE_SIGN_IDENTITY[sdk=iphoneos*]" = "iPhone Developer";
				COPY_PHASE_STRIP = NO;
				DEBUG_INFORMATION_FORMAT = "dwarf-with-dsym";
				ENABLE_NS_ASSERTIONS = NO;
				ENABLE_STRICT_OBJC_MSGSEND = YES;
				GCC_C_LANGUAGE_STANDARD = gnu99;
				GCC_NO_COMMON_BLOCKS = YES;
				GCC_WARN_64_TO_32_BIT_CONVERSION = YES;
				GCC_WARN_ABOUT_RETURN_TYPE = YES_ERROR;
				GCC_WARN_UNDECLARED_SELECTOR = YES;
				GCC_WARN_UNINITIALIZED_AUTOS = YES_AGGRESSIVE;
				GCC_WARN_UNUSED_FUNCTION = YES;
				GCC_WARN_UNUSED_VARIABLE = YES;
				IPHONEOS_DEPLOYMENT_TARGET = 9.3;
				MTL_ENABLE_DEBUG_INFO = NO;
				SDKROOT = iphoneos;
				VALIDATE_PRODUCT = YES;
			};
			name = Release;
		};
		63EC02AE1D37BF060006FD68 /* Debug */ = {
			isa = XCBuildConfiguration;
			buildSettings = {
				ASSETCATALOG_COMPILER_APPICON_NAME = AppIcon;
				INFOPLIST_FILE = LoveFinder/Info.plist;
				LD_RUNPATH_SEARCH_PATHS = "$(inherited) @executable_path/Frameworks";
				PRODUCT_BUNDLE_IDENTIFIER = com.yzw.LoveFinder;
				PRODUCT_NAME = "$(TARGET_NAME)";
			};
			name = Debug;
		};
		63EC02AF1D37BF060006FD68 /* Release */ = {
			isa = XCBuildConfiguration;
			buildSettings = {
				ASSETCATALOG_COMPILER_APPICON_NAME = AppIcon;
				INFOPLIST_FILE = LoveFinder/Info.plist;
				LD_RUNPATH_SEARCH_PATHS = "$(inherited) @executable_path/Frameworks";
				PRODUCT_BUNDLE_IDENTIFIER = com.yzw.LoveFinder;
				PRODUCT_NAME = "$(TARGET_NAME)";
			};
			name = Release;
		};
/* End XCBuildConfiguration section */

/* Begin XCConfigurationList section */
		63EC02961D37BF060006FD68 /* Build configuration list for PBXProject "LoveFinder" */ = {
			isa = XCConfigurationList;
			buildConfigurations = (
				63EC02AB1D37BF060006FD68 /* Debug */,
				63EC02AC1D37BF060006FD68 /* Release */,
			);
			defaultConfigurationIsVisible = 0;
			defaultConfigurationName = Release;
		};
		63EC02AD1D37BF060006FD68 /* Build configuration list for PBXNativeTarget "LoveFinder" */ = {
			isa = XCConfigurationList;
			buildConfigurations = (
				63EC02AE1D37BF060006FD68 /* Debug */,
				63EC02AF1D37BF060006FD68 /* Release */,
			);
			defaultConfigurationIsVisible = 0;
		};
/* End XCConfigurationList section */
	};
	rootObject = 63EC02931D37BF060006FD68 /* Project object */;
}
